
Microsoft Visual Studio Solution File, Format Version 11.00
# Visual Studio 2010
Project("{2150E333-8FDC-42A3-9474-1A3956D46DE8}") = "Solution Items", "Solution Items", "{6750AC14-61BC-4A0F-845F-C19C8838A570}"
	ProjectSection(SolutionItems) = preProject
		readme.md = readme.md
		releasenote.txt = releasenote.txt
	EndProjectSection
EndProject
Project("{2150E333-8FDC-42A3-9474-1A3956D46DE8}") = "Domain", "Domain", "{F5622045-FCBA-4BD6-B5EC-B091D7921FE1}"
EndProject
Project("{2150E333-8FDC-42A3-9474-1A3956D46DE8}") = "Infrastructure", "Infrastructure", "{33446076-C533-45D1-95D4-7B895147D4D5}"
EndProject
Project("{2150E333-8FDC-42A3-9474-1A3956D46DE8}") = "Presentation", "Presentation", "{C897B8FA-23EC-4457-ACF7-D3259FF19972}"
EndProject
Project("{2150E333-8FDC-42A3-9474-1A3956D46DE8}") = "Source", "Source", "{A3C24474-6040-42B9-B8AD-5E03AFFD611E}"
EndProject
Project("{FAE04EC0-301F-11D3-BF4B-00C04F79EFBC}") = "DnY.Forum.Spec", "Source\DnY.Forum.Spec\DnY.Forum.Spec.csproj", "{DAEA087C-F919-40E4-B5F1-DECF9CC39390}"
EndProject
Project("{FAE04EC0-301F-11D3-BF4B-00C04F79EFBC}") = "DnY.Forum.Domain", "Source\DnY.Forum.Model\DnY.Forum.Domain.csproj", "{8E323A6D-3B08-4EB0-8278-B06537B6B4F1}"
EndProject
Project("{FAE04EC0-301F-11D3-BF4B-00C04F79EFBC}") = "DnY.Forum.Infrastructure", "Source\DnY.Forum.Infrastructure\DnY.Forum.Infrastructure.csproj", "{0A00EA69-5333-4CBB-98F2-3C28AD29B14D}"
EndProject
Project("{FAE04EC0-301F-11D3-BF4B-00C04F79EFBC}") = "DnY.Forum.Persistence.NHibernate", "Source\DnY.Forum.Persistence.NHibernate\DnY.Forum.Persistence.NHibernate.csproj", "{5180C33F-E3FC-4A2C-99CD-E59813933E6B}"
EndProject
Project("{FAE04EC0-301F-11D3-BF4B-00C04F79EFBC}") = "DnY.Forum.Web", "Source\DnY.Forum.Web\DnY.Forum.Web.csproj", "{B6EB1FEA-0ED6-4610-B4C7-4B93BCCAEB57}"
EndProject
Project("{2150E333-8FDC-42A3-9474-1A3956D46DE8}") = "Interface", "Interface", "{5B459DC6-8762-47A1-B765-9AB8464D6717}"
EndProject
Project("{2150E333-8FDC-42A3-9474-1A3956D46DE8}") = "Application", "Application", "{B556B873-7EE7-493D-8EF0-029FA4455F8E}"
EndProject
Project("{FAE04EC0-301F-11D3-BF4B-00C04F79EFBC}") = "DnY.Forum.Application", "Source\DnY.Forum.Application\DnY.Forum.Application.csproj", "{8B0425B8-8FF2-4573-8F4E-E2BF893BD073}"
EndProject
Project("{2150E333-8FDC-42A3-9474-1A3956D46DE8}") = "Database", "Database", "{8D98925F-707D-49AC-A6C4-14CC152C7B0E}"
EndProject
Project("{2150E333-8FDC-42A3-9474-1A3956D46DE8}") = "Specification", "Specification", "{822891A4-3FF4-43F9-ABD9-FB80EE4621E1}"
EndProject
Global
	GlobalSection(SolutionConfigurationPlatforms) = preSolution
		Debug|Any CPU = Debug|Any CPU
		Debug|Mixed Platforms = Debug|Mixed Platforms
		Debug|x86 = Debug|x86
		Release|Any CPU = Release|Any CPU
		Release|Mixed Platforms = Release|Mixed Platforms
		Release|x86 = Release|x86
	EndGlobalSection
	GlobalSection(ProjectConfigurationPlatforms) = postSolution
		{DAEA087C-F919-40E4-B5F1-DECF9CC39390}.Debug|Any CPU.ActiveCfg = Debug|Any CPU
		{DAEA087C-F919-40E4-B5F1-DECF9CC39390}.Debug|Any CPU.Build.0 = Debug|Any CPU
		{DAEA087C-F919-40E4-B5F1-DECF9CC39390}.Debug|Mixed Platforms.ActiveCfg = Debug|Any CPU
		{DAEA087C-F919-40E4-B5F1-DECF9CC39390}.Debug|Mixed Platforms.Build.0 = Debug|Any CPU
		{DAEA087C-F919-40E4-B5F1-DECF9CC39390}.Debug|x86.ActiveCfg = Debug|Any CPU
		{DAEA087C-F919-40E4-B5F1-DECF9CC39390}.Release|Any CPU.ActiveCfg = Release|Any CPU
		{DAEA087C-F919-40E4-B5F1-DECF9CC39390}.Release|Any CPU.Build.0 = Release|Any CPU
		{DAEA087C-F919-40E4-B5F1-DECF9CC39390}.Release|Mixed Platforms.ActiveCfg = Release|Any CPU
		{DAEA087C-F919-40E4-B5F1-DECF9CC39390}.Release|Mixed Platforms.Build.0 = Release|Any CPU
		{DAEA087C-F919-40E4-B5F1-DECF9CC39390}.Release|x86.ActiveCfg = Release|Any CPU
		{8E323A6D-3B08-4EB0-8278-B06537B6B4F1}.Debug|Any CPU.ActiveCfg = Debug|Any CPU
		{8E323A6D-3B08-4EB0-8278-B06537B6B4F1}.Debug|Any CPU.Build.0 = Debug|Any CPU
		{8E323A6D-3B08-4EB0-8278-B06537B6B4F1}.Debug|Mixed Platforms.ActiveCfg = Debug|Any CPU
		{8E323A6D-3B08-4EB0-8278-B06537B6B4F1}.Debug|Mixed Platforms.Build.0 = Debug|Any CPU
		{8E323A6D-3B08-4EB0-8278-B06537B6B4F1}.Debug|x86.ActiveCfg = Debug|Any CPU
		{8E323A6D-3B08-4EB0-8278-B06537B6B4F1}.Release|Any CPU.ActiveCfg = Release|Any CPU
		{8E323A6D-3B08-4EB0-8278-B06537B6B4F1}.Release|Any CPU.Build.0 = Release|Any CPU
		{8E323A6D-3B08-4EB0-8278-B06537B6B4F1}.Release|Mixed Platforms.ActiveCfg = Release|Any CPU
		{8E323A6D-3B08-4EB0-8278-B06537B6B4F1}.Release|Mixed Platforms.Build.0 = Release|Any CPU
		{8E323A6D-3B08-4EB0-8278-B06537B6B4F1}.Release|x86.ActiveCfg = Release|Any CPU
		{0A00EA69-5333-4CBB-98F2-3C28AD29B14D}.Debug|Any CPU.ActiveCfg = Debug|Any CPU
		{0A00EA69-5333-4CBB-98F2-3C28AD29B14D}.Debug|Any CPU.Build.0 = Debug|Any CPU
		{0A00EA69-5333-4CBB-98F2-3C28AD29B14D}.Debug|Mixed Platforms.ActiveCfg = Debug|Any CPU
		{0A00EA69-5333-4CBB-98F2-3C28AD29B14D}.Debug|Mixed Platforms.Build.0 = Debug|Any CPU
		{0A00EA69-5333-4CBB-98F2-3C28AD29B14D}.Debug|x86.ActiveCfg = Debug|Any CPU
		{0A00EA69-5333-4CBB-98F2-3C28AD29B14D}.Release|Any CPU.ActiveCfg = Release|Any CPU
		{0A00EA69-5333-4CBB-98F2-3C28AD29B14D}.Release|Any CPU.Build.0 = Release|Any CPU
		{0A00EA69-5333-4CBB-98F2-3C28AD29B14D}.Release|Mixed Platforms.ActiveCfg = Release|Any CPU
		{0A00EA69-5333-4CBB-98F2-3C28AD29B14D}.Release|Mixed Platforms.Build.0 = Release|Any CPU
		{0A00EA69-5333-4CBB-98F2-3C28AD29B14D}.Release|x86.ActiveCfg = Release|Any CPU
		{5180C33F-E3FC-4A2C-99CD-E59813933E6B}.Debug|Any CPU.ActiveCfg = Debug|Any CPU
		{5180C33F-E3FC-4A2C-99CD-E59813933E6B}.Debug|Any CPU.Build.0 = Debug|Any CPU
		{5180C33F-E3FC-4A2C-99CD-E59813933E6B}.Debug|Mixed Platforms.ActiveCfg = Debug|Any CPU
		{5180C33F-E3FC-4A2C-99CD-E59813933E6B}.Debug|Mixed Platforms.Build.0 = Debug|Any CPU
		{5180C33F-E3FC-4A2C-99CD-E59813933E6B}.Debug|x86.ActiveCfg = Debug|Any CPU
		{5180C33F-E3FC-4A2C-99CD-E59813933E6B}.Release|Any CPU.ActiveCfg = Release|Any CPU
		{5180C33F-E3FC-4A2C-99CD-E59813933E6B}.Release|Any CPU.Build.0 = Release|Any CPU
		{5180C33F-E3FC-4A2C-99CD-E59813933E6B}.Release|Mixed Platforms.ActiveCfg = Release|Any CPU
		{5180C33F-E3FC-4A2C-99CD-E59813933E6B}.Release|Mixed Platforms.Build.0 = Release|Any CPU
		{5180C33F-E3FC-4A2C-99CD-E59813933E6B}.Release|x86.ActiveCfg = Release|Any CPU
		{B6EB1FEA-0ED6-4610-B4C7-4B93BCCAEB57}.Debug|Any CPU.ActiveCfg = Debug|Any CPU
		{B6EB1FEA-0ED6-4610-B4C7-4B93BCCAEB57}.Debug|Any CPU.Build.0 = Debug|Any CPU
		{B6EB1FEA-0ED6-4610-B4C7-4B93BCCAEB57}.Debug|Mixed Platforms.ActiveCfg = Debug|Any CPU
		{B6EB1FEA-0ED6-4610-B4C7-4B93BCCAEB57}.Debug|Mixed Platforms.Build.0 = Debug|Any CPU
		{B6EB1FEA-0ED6-4610-B4C7-4B93BCCAEB57}.Debug|x86.ActiveCfg = Debug|Any CPU
		{B6EB1FEA-0ED6-4610-B4C7-4B93BCCAEB57}.Release|Any CPU.ActiveCfg = Release|Any CPU
		{B6EB1FEA-0ED6-4610-B4C7-4B93BCCAEB57}.Release|Any CPU.Build.0 = Release|Any CPU
		{B6EB1FEA-0ED6-4610-B4C7-4B93BCCAEB57}.Release|Mixed Platforms.ActiveCfg = Release|Any CPU
		{B6EB1FEA-0ED6-4610-B4C7-4B93BCCAEB57}.Release|Mixed Platforms.Build.0 = Release|Any CPU
		{B6EB1FEA-0ED6-4610-B4C7-4B93BCCAEB57}.Release|x86.ActiveCfg = Release|Any CPU
		{8B0425B8-8FF2-4573-8F4E-E2BF893BD073}.Debug|Any CPU.ActiveCfg = Debug|Any CPU
		{8B0425B8-8FF2-4573-8F4E-E2BF893BD073}.Debug|Any CPU.Build.0 = Debug|Any CPU
		{8B0425B8-8FF2-4573-8F4E-E2BF893BD073}.Debug|Mixed Platforms.ActiveCfg = Debug|Any CPU
		{8B0425B8-8FF2-4573-8F4E-E2BF893BD073}.Debug|Mixed Platforms.Build.0 = Debug|Any CPU
		{8B0425B8-8FF2-4573-8F4E-E2BF893BD073}.Debug|x86.ActiveCfg = Debug|Any CPU
		{8B0425B8-8FF2-4573-8F4E-E2BF893BD073}.Release|Any CPU.ActiveCfg = Release|Any CPU
		{8B0425B8-8FF2-4573-8F4E-E2BF893BD073}.Release|Any CPU.Build.0 = Release|Any CPU
		{8B0425B8-8FF2-4573-8F4E-E2BF893BD073}.Release|Mixed Platforms.ActiveCfg = Release|Any CPU
		{8B0425B8-8FF2-4573-8F4E-E2BF893BD073}.Release|Mixed Platforms.Build.0 = Release|Any CPU
		{8B0425B8-8FF2-4573-8F4E-E2BF893BD073}.Release|x86.ActiveCfg = Release|Any CPU
	EndGlobalSection
	GlobalSection(SolutionProperties) = preSolution
		HideSolutionNode = FALSE
	EndGlobalSection
	GlobalSection(NestedProjects) = preSolution
		{33446076-C533-45D1-95D4-7B895147D4D5} = {A3C24474-6040-42B9-B8AD-5E03AFFD611E}
		{C897B8FA-23EC-4457-ACF7-D3259FF19972} = {A3C24474-6040-42B9-B8AD-5E03AFFD611E}
		{F5622045-FCBA-4BD6-B5EC-B091D7921FE1} = {A3C24474-6040-42B9-B8AD-5E03AFFD611E}
		{5B459DC6-8762-47A1-B765-9AB8464D6717} = {A3C24474-6040-42B9-B8AD-5E03AFFD611E}
		{B556B873-7EE7-493D-8EF0-029FA4455F8E} = {A3C24474-6040-42B9-B8AD-5E03AFFD611E}
		{0A00EA69-5333-4CBB-98F2-3C28AD29B14D} = {33446076-C533-45D1-95D4-7B895147D4D5}
		{5180C33F-E3FC-4A2C-99CD-E59813933E6B} = {33446076-C533-45D1-95D4-7B895147D4D5}
		{B6EB1FEA-0ED6-4610-B4C7-4B93BCCAEB57} = {C897B8FA-23EC-4457-ACF7-D3259FF19972}
		{8E323A6D-3B08-4EB0-8278-B06537B6B4F1} = {F5622045-FCBA-4BD6-B5EC-B091D7921FE1}
		{DAEA087C-F919-40E4-B5F1-DECF9CC39390} = {822891A4-3FF4-43F9-ABD9-FB80EE4621E1}
		{8B0425B8-8FF2-4573-8F4E-E2BF893BD073} = {B556B873-7EE7-493D-8EF0-029FA4455F8E}
	EndGlobalSection
EndGlobal
